
Microsoft Visual Studio Solution File, Format Version 12.00
# Visual Studio 15
VisualStudioVersion = 15.0.26730.12
MinimumVisualStudioVersion = 10.0.40219.1
Project("{FAE04EC0-301F-11D3-BF4B-00C04F79EFBC}") = "simple mchanics4", "simple mchanics4\simple mchanics4.csproj", "{A5703B4B-6DDA-4FF1-9641-60E33DC02057}"
EndProject
Global
	GlobalSection(SolutionConfigurationPlatforms) = preSolution
		Debug|Any CPU = Debug|Any CPU
		Release|Any CPU = Release|Any CPU
	EndGlobalSection
	GlobalSection(ProjectConfigurationPlatforms) = postSolution
		{A5703B4B-6DDA-4FF1-9641-60E33DC02057}.Debug|Any CPU.ActiveCfg = Debug|Any CPU
		{A5703B4B-6DDA-4FF1-9641-60E33DC02057}.Debug|Any CPU.Build.0 = Debug|Any CPU
		{A5703B4B-6DDA-4FF1-9641-60E33DC02057}.Release|Any CPU.ActiveCfg = Release|Any CPU
		{A5703B4B-6DDA-4FF1-9641-60E33DC02057}.Release|Any CPU.Build.0 = Release|Any CPU
	EndGlobalSection
	GlobalSection(SolutionProperties) = preSolution
		HideSolutionNode = FALSE
	EndGlobalSection
	GlobalSection(ExtensibilityGlobals) = postSolution
		SolutionGuid = {BEC38733-EBE9-460E-82A7-F1550F56A77F}
	EndGlobalSection
EndGlobal
